
Microsoft Visual Studio Solution File, Format Version 12.00
# Visual Studio 14
VisualStudioVersion = 14.0.25420.1
MinimumVisualStudioVersion = 10.0.40219.1
Project("{FAE04EC0-301F-11D3-BF4B-00C04F79EFBC}") = "Core", "Core\Core.csproj", "{13EC2041-9B82-494A-88C7-9535D771CDAB}"
EndProject
Project("{FAE04EC0-301F-11D3-BF4B-00C04F79EFBC}") = "Core.Tests", "Core.Tests\Core.Tests.csproj", "{8D4A8BE5-2621-4230-92E2-A7B173D17592}"
EndProject
Project("{FAE04EC0-301F-11D3-BF4B-00C04F79EFBC}") = "Units", "Units\Units.csproj", "{62B353BF-4C99-44FE-B01D-19EDBE8E6F3D}"
EndProject
Project("{FAE04EC0-301F-11D3-BF4B-00C04F79EFBC}") = "Units.Tests", "Units.Tests\Units.Tests.csproj", "{36E9B103-D6C1-44DF-A363-0C9FB9B9F923}"
EndProject
Project("{FAE04EC0-301F-11D3-BF4B-00C04F79EFBC}") = "TestApp", "TestApp\TestApp.csproj", "{B12CC820-E47D-4D56-A14D-9B8106078BBE}"
EndProject
Project("{FAE04EC0-301F-11D3-BF4B-00C04F79EFBC}") = "ChinhDo.Transactions.FileManager", "ChinhDo.Transactions.FileManager\ChinhDo.Transactions.FileManager.csproj", "{E824ACBB-90C8-4C60-9D52-9C8020E98E3E}"
EndProject
Project("{FAE04EC0-301F-11D3-BF4B-00C04F79EFBC}") = "SQLiteTransaction.IntegrationTest", "SQLiteTransaction.IntegrationTest\SQLiteTransaction.IntegrationTest.csproj", "{8EDF4429-251A-416D-BB68-93F227191BCF}"
EndProject
Project("{FAE04EC0-301F-11D3-BF4B-00C04F79EFBC}") = "FileTransaction.IntegrationTest", "FileTransaction.IntegrationTest\FileTransaction.IntegrationTest.csproj", "{DF93A9C2-C1EB-46E8-9BB1-1E8CF02A4131}"
EndProject
Global
	GlobalSection(SolutionConfigurationPlatforms) = preSolution
		Debug|Any CPU = Debug|Any CPU
		Release|Any CPU = Release|Any CPU
	EndGlobalSection
	GlobalSection(ProjectConfigurationPlatforms) = postSolution
		{13EC2041-9B82-494A-88C7-9535D771CDAB}.Debug|Any CPU.ActiveCfg = Debug|Any CPU
		{13EC2041-9B82-494A-88C7-9535D771CDAB}.Debug|Any CPU.Build.0 = Debug|Any CPU
		{13EC2041-9B82-494A-88C7-9535D771CDAB}.Release|Any CPU.ActiveCfg = Release|Any CPU
		{13EC2041-9B82-494A-88C7-9535D771CDAB}.Release|Any CPU.Build.0 = Release|Any CPU
		{8D4A8BE5-2621-4230-92E2-A7B173D17592}.Debug|Any CPU.ActiveCfg = Debug|Any CPU
		{8D4A8BE5-2621-4230-92E2-A7B173D17592}.Debug|Any CPU.Build.0 = Debug|Any CPU
		{8D4A8BE5-2621-4230-92E2-A7B173D17592}.Release|Any CPU.ActiveCfg = Release|Any CPU
		{8D4A8BE5-2621-4230-92E2-A7B173D17592}.Release|Any CPU.Build.0 = Release|Any CPU
		{62B353BF-4C99-44FE-B01D-19EDBE8E6F3D}.Debug|Any CPU.ActiveCfg = Debug|Any CPU
		{62B353BF-4C99-44FE-B01D-19EDBE8E6F3D}.Debug|Any CPU.Build.0 = Debug|Any CPU
		{62B353BF-4C99-44FE-B01D-19EDBE8E6F3D}.Release|Any CPU.ActiveCfg = Release|Any CPU
		{62B353BF-4C99-44FE-B01D-19EDBE8E6F3D}.Release|Any CPU.Build.0 = Release|Any CPU
		{36E9B103-D6C1-44DF-A363-0C9FB9B9F923}.Debug|Any CPU.ActiveCfg = Debug|Any CPU
		{36E9B103-D6C1-44DF-A363-0C9FB9B9F923}.Debug|Any CPU.Build.0 = Debug|Any CPU
		{36E9B103-D6C1-44DF-A363-0C9FB9B9F923}.Release|Any CPU.ActiveCfg = Release|Any CPU
		{36E9B103-D6C1-44DF-A363-0C9FB9B9F923}.Release|Any CPU.Build.0 = Release|Any CPU
		{B12CC820-E47D-4D56-A14D-9B8106078BBE}.Debug|Any CPU.ActiveCfg = Debug|Any CPU
		{B12CC820-E47D-4D56-A14D-9B8106078BBE}.Debug|Any CPU.Build.0 = Debug|Any CPU
		{B12CC820-E47D-4D56-A14D-9B8106078BBE}.Release|Any CPU.ActiveCfg = Release|Any CPU
		{B12CC820-E47D-4D56-A14D-9B8106078BBE}.Release|Any CPU.Build.0 = Release|Any CPU
		{E824ACBB-90C8-4C60-9D52-9C8020E98E3E}.Debug|Any CPU.ActiveCfg = Debug|Any CPU
		{E824ACBB-90C8-4C60-9D52-9C8020E98E3E}.Debug|Any CPU.Build.0 = Debug|Any CPU
		{E824ACBB-90C8-4C60-9D52-9C8020E98E3E}.Release|Any CPU.ActiveCfg = Release|Any CPU
		{E824ACBB-90C8-4C60-9D52-9C8020E98E3E}.Release|Any CPU.Build.0 = Release|Any CPU
		{8EDF4429-251A-416D-BB68-93F227191BCF}.Debug|Any CPU.ActiveCfg = Debug|Any CPU
		{8EDF4429-251A-416D-BB68-93F227191BCF}.Debug|Any CPU.Build.0 = Debug|Any CPU
		{8EDF4429-251A-416D-BB68-93F227191BCF}.Release|Any CPU.ActiveCfg = Release|Any CPU
		{8EDF4429-251A-416D-BB68-93F227191BCF}.Release|Any CPU.Build.0 = Release|Any CPU
		{DF93A9C2-C1EB-46E8-9BB1-1E8CF02A4131}.Debug|Any CPU.ActiveCfg = Debug|Any CPU
		{DF93A9C2-C1EB-46E8-9BB1-1E8CF02A4131}.Debug|Any CPU.Build.0 = Debug|Any CPU
		{DF93A9C2-C1EB-46E8-9BB1-1E8CF02A4131}.Release|Any CPU.ActiveCfg = Release|Any CPU
		{DF93A9C2-C1EB-46E8-9BB1-1E8CF02A4131}.Release|Any CPU.Build.0 = Release|Any CPU
	EndGlobalSection
	GlobalSection(SolutionProperties) = preSolution
		HideSolutionNode = FALSE
	EndGlobalSection
EndGlobal
